
Microsoft Visual Studio Solution File, Format Version 12.00
# Visual Studio Version 17
VisualStudioVersion = 17.3.32929.385
MinimumVisualStudioVersion = 10.0.40219.1
Project("{FAE04EC0-301F-11D3-BF4B-00C04F79EFBC}") = "Parser", "Parser\Parser.csproj", "{637BC90C-D058-4B3E-8697-322DAE50E394}"
EndProject
Global
	GlobalSection(SolutionConfigurationPlatforms) = preSolution
		Debug|Any CPU = Debug|Any CPU
		Release|Any CPU = Release|Any CPU
	EndGlobalSection
	GlobalSection(ProjectConfigurationPlatforms) = postSolution
		{637BC90C-D058-4B3E-8697-322DAE50E394}.Debug|Any CPU.ActiveCfg = Debug|Any CPU
		{637BC90C-D058-4B3E-8697-322DAE50E394}.Debug|Any CPU.Build.0 = Debug|Any CPU
		{637BC90C-D058-4B3E-8697-322DAE50E394}.Release|Any CPU.ActiveCfg = Release|Any CPU
		{637BC90C-D058-4B3E-8697-322DAE50E394}.Release|Any CPU.Build.0 = Release|Any CPU
	EndGlobalSection
	GlobalSection(SolutionProperties) = preSolution
		HideSolutionNode = FALSE
	EndGlobalSection
	GlobalSection(ExtensibilityGlobals) = postSolution
		SolutionGuid = {7EFA2536-751C-4FA1-8A09-807F12800333}
	EndGlobalSection
EndGlobal
